
Microsoft Visual Studio Solution File, Format Version 12.00
# Visual Studio Version 16
VisualStudioVersion = 16.0.31019.35
MinimumVisualStudioVersion = 10.0.40219.1
Project("{FAE04EC0-301F-11D3-BF4B-00C04F79EFBC}") = "BasicMvxApp.Core", "MVVMCrossSlideoutMenu.Core\BasicMvxApp.Core.csproj", "{9296FBC5-3EEA-42A8-B55D-F876E7C5B20E}"
EndProject
Project("{FAE04EC0-301F-11D3-BF4B-00C04F79EFBC}") = "BasicMvxApp.WPF", "MVVMCrossSlideoutMenu\BasicMvxApp.WPF.csproj", "{A95DFD86-1275-42DB-9955-6FE6CD205E7A}"
EndProject
Project("{FAE04EC0-301F-11D3-BF4B-00C04F79EFBC}") = "MultiRegionView.WPF", "MultiRegionView.WPF\MultiRegionView.WPF.csproj", "{AB22B7B8-C026-4CEA-B3FA-376D1424635C}"
EndProject
Project("{FAE04EC0-301F-11D3-BF4B-00C04F79EFBC}") = "MultiRegionView.Core", "MultiRegionView.Core\MultiRegionView.Core.csproj", "{182F8E4B-0909-4D0E-845B-3F354AC1980C}"
EndProject
Global
	GlobalSection(SolutionConfigurationPlatforms) = preSolution
		Debug|Any CPU = Debug|Any CPU
		Release|Any CPU = Release|Any CPU
	EndGlobalSection
	GlobalSection(ProjectConfigurationPlatforms) = postSolution
		{9296FBC5-3EEA-42A8-B55D-F876E7C5B20E}.Debug|Any CPU.ActiveCfg = Debug|Any CPU
		{9296FBC5-3EEA-42A8-B55D-F876E7C5B20E}.Debug|Any CPU.Build.0 = Debug|Any CPU
		{9296FBC5-3EEA-42A8-B55D-F876E7C5B20E}.Release|Any CPU.ActiveCfg = Release|Any CPU
		{9296FBC5-3EEA-42A8-B55D-F876E7C5B20E}.Release|Any CPU.Build.0 = Release|Any CPU
		{A95DFD86-1275-42DB-9955-6FE6CD205E7A}.Debug|Any CPU.ActiveCfg = Debug|Any CPU
		{A95DFD86-1275-42DB-9955-6FE6CD205E7A}.Debug|Any CPU.Build.0 = Debug|Any CPU
		{A95DFD86-1275-42DB-9955-6FE6CD205E7A}.Release|Any CPU.ActiveCfg = Release|Any CPU
		{A95DFD86-1275-42DB-9955-6FE6CD205E7A}.Release|Any CPU.Build.0 = Release|Any CPU
		{AB22B7B8-C026-4CEA-B3FA-376D1424635C}.Debug|Any CPU.ActiveCfg = Debug|Any CPU
		{AB22B7B8-C026-4CEA-B3FA-376D1424635C}.Debug|Any CPU.Build.0 = Debug|Any CPU
		{AB22B7B8-C026-4CEA-B3FA-376D1424635C}.Release|Any CPU.ActiveCfg = Release|Any CPU
		{AB22B7B8-C026-4CEA-B3FA-376D1424635C}.Release|Any CPU.Build.0 = Release|Any CPU
		{182F8E4B-0909-4D0E-845B-3F354AC1980C}.Debug|Any CPU.ActiveCfg = Debug|Any CPU
		{182F8E4B-0909-4D0E-845B-3F354AC1980C}.Debug|Any CPU.Build.0 = Debug|Any CPU
		{182F8E4B-0909-4D0E-845B-3F354AC1980C}.Release|Any CPU.ActiveCfg = Release|Any CPU
		{182F8E4B-0909-4D0E-845B-3F354AC1980C}.Release|Any CPU.Build.0 = Release|Any CPU
	EndGlobalSection
	GlobalSection(SolutionProperties) = preSolution
		HideSolutionNode = FALSE
	EndGlobalSection
	GlobalSection(ExtensibilityGlobals) = postSolution
		SolutionGuid = {DAB87D38-074E-4987-BE31-74AEE9AC37DD}
	EndGlobalSection
EndGlobal
